<?xml version="1.0" encoding="utf-8"?>
<Project ToolsVersion="4.0" xmlns="http://schemas.microsoft.com/developer/msbuild/2003">
  <ItemGroup>
    <Filter Include="Source Files">
      <UniqueIdentifier>{4FC737F1-C7A5-4376-A066-2A32D752A2FF}</UniqueIdentifier>
      <Extensions>cpp;c;cc;cxx;def;odl;idl;hpj;bat;asm;asmx</Extensions>
    </Filter>
    <Filter Include="Header Files">
      <UniqueIdentifier>{93995380-89BD-4b04-88EB-625FBE52EBFB}</UniqueIdentifier>
      <Extensions>h;hh;hpp;hxx;hm;inl;inc;xsd</Extensions>
    </Filter>
    <Filter Include="Resource Files">
      <UniqueIdentifier>{67DA6AB6-F800-4c08-8B7A-83BB121AAD01}</UniqueIdentifier>
      <Extensions>rc;ico;cur;bmp;dlg;rc2;rct;bin;rgs;gif;jpg;jpeg;jpe;resx;tiff;tif;png;wav;mfcribbon-ms</Extensions>
    </Filter>
    <Filter Include="Source Files\steganalyzer">
      <UniqueIdentifier>{ed83d3e2-b28c-475a-9f6b-5244ddaf928e}</UniqueIdentifier>
    </Filter>
    <Filter Include="Header Files\steganalyzer">
      <UniqueIdentifier>{4fef5ff7-c357-4057-a1e2-5cc98e9a7ce7}</UniqueIdentifier>
    </Filter>
    <Filter Include="Header Files\image">
      <UniqueIdentifier>{878bbbeb-b42e-492c-bc16-0ec93ae199f1}</UniqueIdentifier>
    </Filter>
    <Filter Include="Source Files\image">
      <UniqueIdentifier>{96950fce-5754-47d2-967b-019428e26ef7}</UniqueIdentifier>
    </Filter>
    <Filter Include="Header Files\embedder">
      <UniqueIdentifier>{162d88d8-9064-4e59-9d4e-fc02ac7c9547}</UniqueIdentifier>
    </Filter>
    <Filter Include="Source Files\embedder">
      <UniqueIdentifier>{35e8860e-9d99-4cf9-86a2-d7ae2d8cad09}</UniqueIdentifier>
    </Filter>
    <Filter Include="Header Files\compressor">
      <UniqueIdentifier>{ce69d590-388b-4948-ac9c-1c30f6fea5a7}</UniqueIdentifier>
    </Filter>
  </ItemGroup>
  <ItemGroup>
    <ClInclude Include="src\steganalyzer\steganalyzer.h">
      <Filter>Header Files\steganalyzer</Filter>
    </ClInclude>
    <ClInclude Include="src\image\image.h">
      <Filter>Header Files\image</Filter>
    </ClInclude>
    <ClInclude Include="src\steganalyzer\steganalyzer_config.h">
      <Filter>Header Files\steganalyzer</Filter>
    </ClInclude>
    <ClInclude Include="src\embedder\embedder.h">
      <Filter>Header Files\embedder</Filter>
    </ClInclude>
    <ClInclude Include="src\embedder\embedder_config.h">
      <Filter>Header Files\embedder</Filter>
    </ClInclude>
    <ClInclude Include="src\embedder\lsb_embedder.h">
      <Filter>Header Files\embedder</Filter>
    </ClInclude>
    <ClInclude Include="src\embedder\lsb_embedder_config.h">
      <Filter>Header Files\embedder</Filter>
    </ClInclude>
    <ClInclude Include="src\compressor\png_compressor.h">
      <Filter>Header Files\compressor</Filter>
    </ClInclude>
    <ClInclude Include="src\compressor\compressor.h">
      <Filter>Header Files\compressor</Filter>
    </ClInclude>
    <ClInclude Include="src\steganalyzer\shift_compress_steganalyzer.h">
      <Filter>Header Files\steganalyzer</Filter>
    </ClInclude>
    <ClInclude Include="src\steganalyzer\shift_compress_steganalyzer_config.h">
      <Filter>Header Files\steganalyzer</Filter>
    </ClInclude>
  </ItemGroup>
  <ItemGroup>
    <ClCompile Include="src\image\image.cpp">
      <Filter>Source Files\image</Filter>
    </ClCompile>
    <ClCompile Include="src\embedder\LsbEmbedder.cpp">
      <Filter>Source Files\embedder</Filter>
    </ClCompile>
    <ClCompile Include="src\steganalyzer\shift_compress_steganalyzer.cpp">
      <Filter>Source Files\steganalyzer</Filter>
    </ClCompile>
  </ItemGroup>
</Project>